
Microsoft Visual Studio Solution File, Format Version 12.00
# Visual Studio Version 17
VisualStudioVersion = 17.11.35312.102
MinimumVisualStudioVersion = 10.0.40219.1
Project("{FAE04EC0-301F-11D3-BF4B-00C04F79EFBC}") = "AbstractFactory", "AbstractFactory\AbstractFactory.csproj", "{D5480C73-EF58-4816-91E0-B0D8989A6FDA}"
EndProject
Global
	GlobalSection(SolutionConfigurationPlatforms) = preSolution
		Debug|Any CPU = Debug|Any CPU
		Release|Any CPU = Release|Any CPU
	EndGlobalSection
	GlobalSection(ProjectConfigurationPlatforms) = postSolution
		{D5480C73-EF58-4816-91E0-B0D8989A6FDA}.Debug|Any CPU.ActiveCfg = Debug|Any CPU
		{D5480C73-EF58-4816-91E0-B0D8989A6FDA}.Debug|Any CPU.Build.0 = Debug|Any CPU
		{D5480C73-EF58-4816-91E0-B0D8989A6FDA}.Release|Any CPU.ActiveCfg = Release|Any CPU
		{D5480C73-EF58-4816-91E0-B0D8989A6FDA}.Release|Any CPU.Build.0 = Release|Any CPU
	EndGlobalSection
	GlobalSection(SolutionProperties) = preSolution
		HideSolutionNode = FALSE
	EndGlobalSection
	GlobalSection(ExtensibilityGlobals) = postSolution
		SolutionGuid = {BDC517DE-DC03-48AF-B92B-9990D7931376}
	EndGlobalSection
EndGlobal
